
Microsoft Visual Studio Solution File, Format Version 12.00
# Visual Studio 15
VisualStudioVersion = 15.0.28010.2041
MinimumVisualStudioVersion = 10.0.40219.1
Project("{FAE04EC0-301F-11D3-BF4B-00C04F79EFBC}") = "ZeroIL", "ZeroIL\ZeroIL.csproj", "{620BDF5B-7683-459D-9B93-CF3AC92D3463}"
EndProject
Global
	GlobalSection(SolutionConfigurationPlatforms) = preSolution
		Debug|Any CPU = Debug|Any CPU
		Release|Any CPU = Release|Any CPU
	EndGlobalSection
	GlobalSection(ProjectConfigurationPlatforms) = postSolution
		{620BDF5B-7683-459D-9B93-CF3AC92D3463}.Debug|Any CPU.ActiveCfg = Debug|Any CPU
		{620BDF5B-7683-459D-9B93-CF3AC92D3463}.Debug|Any CPU.Build.0 = Debug|Any CPU
		{620BDF5B-7683-459D-9B93-CF3AC92D3463}.Release|Any CPU.ActiveCfg = Release|Any CPU
		{620BDF5B-7683-459D-9B93-CF3AC92D3463}.Release|Any CPU.Build.0 = Release|Any CPU
	EndGlobalSection
	GlobalSection(SolutionProperties) = preSolution
		HideSolutionNode = FALSE
	EndGlobalSection
	GlobalSection(ExtensibilityGlobals) = postSolution
		SolutionGuid = {81F336BA-4EF0-4F13-AAE7-F6D618C0E5B8}
	EndGlobalSection
EndGlobal
